
Microsoft Visual Studio Solution File, Format Version 12.00
# Visual Studio Version 17
VisualStudioVersion = 17.11.35312.102
MinimumVisualStudioVersion = 10.0.40219.1
Project("{9A19103F-16F7-4668-BE54-9A1E7A4F7556}") = "BrighterShoresTools.Professions.Core", "src\BrighterShoresTools.Professions\BrighterShoresTools.Professions.Core.csproj", "{08B6C724-521B-4B02-AAFD-BCC4EE49A79F}"
EndProject
Project("{9A19103F-16F7-4668-BE54-9A1E7A4F7556}") = "BrighterShoresTools.Professions.Forager", "src\BrighterShoresTools.Professions.Forager\BrighterShoresTools.Professions.Forager.csproj", "{BC5CE438-D648-43FE-88FC-6093317F4357}"
EndProject
Project("{9A19103F-16F7-4668-BE54-9A1E7A4F7556}") = "BrighterShoresTools.Professions.ForagerTests", "src\BrighterShoresTools.Professions.ForagerTests\BrighterShoresTools.Professions.ForagerTests.csproj", "{66C82FFD-3B2F-4064-A4C8-EAF06DAC0362}"
EndProject
Project("{9A19103F-16F7-4668-BE54-9A1E7A4F7556}") = "BrighterShoresTools.Professions.CoreTests", "src\BrighterShoresTools.Professions.CoreTests\BrighterShoresTools.Professions.CoreTests.csproj", "{34DF8372-E186-4BB0-A6DE-A73E69FF8366}"
EndProject
Project("{9A19103F-16F7-4668-BE54-9A1E7A4F7556}") = "BrighterShoresTools.Professions.Guard", "src\BrighterShoresTools.Professions.Guard\BrighterShoresTools.Professions.Guard.csproj", "{22A085E4-81F0-4EB4-84AA-242E24D48231}"
EndProject
Project("{9A19103F-16F7-4668-BE54-9A1E7A4F7556}") = "BrighterShoresTools.Professions.GuardTests", "src\BrighterShoresTools.Professions.GuardTests\BrighterShoresTools.Professions.GuardTests.csproj", "{CA0DAF6B-0006-4991-AE27-35E993138F50}"
EndProject
Project("{9A19103F-16F7-4668-BE54-9A1E7A4F7556}") = "BrighterShoresTools.Frontend", "src\BrighterShoresTools.Frontend\BrighterShoresTools.Frontend.csproj", "{DF56960C-8C86-46E9-9626-6FA98AD10C92}"
EndProject
Project("{B7DD6F7E-DEF8-4E67-B5B7-07EF123DB6F0}") = "BrighterShoresTools.Setup", "src\BrighterShoresTools.Setup\BrighterShoresTools.Setup.wixproj", "{49372464-8857-41D2-ADB4-395DCAC448D7}"
EndProject
Project("{2150E333-8FDC-42A3-9474-1A3956D46DE8}") = "Solution Items", "Solution Items", "{F7397871-6CB3-4FB6-9C11-B248AF306453}"
	ProjectSection(SolutionItems) = preProject
		Directory.Build.props = Directory.Build.props
	EndProjectSection
EndProject
Project("{FAE04EC0-301F-11D3-BF4B-00C04F79EFBC}") = "BrighterShoresTools.Professions.Chef", "BrighterShoresTools.Professions.Chef\BrighterShoresTools.Professions.Chef.csproj", "{B8AABB30-46E4-4E02-97F1-2EAACF14111C}"
EndProject
Project("{FAE04EC0-301F-11D3-BF4B-00C04F79EFBC}") = "BrighterShoresTools.Professions.Fisher", "src\BrighterShoresTools.Profession.Fisher\BrighterShoresTools.Professions.Fisher.csproj", "{53431733-E606-44B6-969B-89C31958E411}"
EndProject
Global
	GlobalSection(SolutionConfigurationPlatforms) = preSolution
		Debug|Any CPU = Debug|Any CPU
		Debug|ARM64 = Debug|ARM64
		Debug|x64 = Debug|x64
		Debug|x86 = Debug|x86
		Release|Any CPU = Release|Any CPU
		Release|ARM64 = Release|ARM64
		Release|x64 = Release|x64
		Release|x86 = Release|x86
	EndGlobalSection
	GlobalSection(ProjectConfigurationPlatforms) = postSolution
		{08B6C724-521B-4B02-AAFD-BCC4EE49A79F}.Debug|Any CPU.ActiveCfg = Debug|Any CPU
		{08B6C724-521B-4B02-AAFD-BCC4EE49A79F}.Debug|Any CPU.Build.0 = Debug|Any CPU
		{08B6C724-521B-4B02-AAFD-BCC4EE49A79F}.Debug|ARM64.ActiveCfg = Debug|Any CPU
		{08B6C724-521B-4B02-AAFD-BCC4EE49A79F}.Debug|ARM64.Build.0 = Debug|Any CPU
		{08B6C724-521B-4B02-AAFD-BCC4EE49A79F}.Debug|x64.ActiveCfg = Debug|Any CPU
		{08B6C724-521B-4B02-AAFD-BCC4EE49A79F}.Debug|x64.Build.0 = Debug|Any CPU
		{08B6C724-521B-4B02-AAFD-BCC4EE49A79F}.Debug|x86.ActiveCfg = Debug|Any CPU
		{08B6C724-521B-4B02-AAFD-BCC4EE49A79F}.Debug|x86.Build.0 = Debug|Any CPU
		{08B6C724-521B-4B02-AAFD-BCC4EE49A79F}.Release|Any CPU.ActiveCfg = Release|Any CPU
		{08B6C724-521B-4B02-AAFD-BCC4EE49A79F}.Release|Any CPU.Build.0 = Release|Any CPU
		{08B6C724-521B-4B02-AAFD-BCC4EE49A79F}.Release|ARM64.ActiveCfg = Release|Any CPU
		{08B6C724-521B-4B02-AAFD-BCC4EE49A79F}.Release|ARM64.Build.0 = Release|Any CPU
		{08B6C724-521B-4B02-AAFD-BCC4EE49A79F}.Release|x64.ActiveCfg = Release|Any CPU
		{08B6C724-521B-4B02-AAFD-BCC4EE49A79F}.Release|x64.Build.0 = Release|Any CPU
		{08B6C724-521B-4B02-AAFD-BCC4EE49A79F}.Release|x86.ActiveCfg = Release|Any CPU
		{08B6C724-521B-4B02-AAFD-BCC4EE49A79F}.Release|x86.Build.0 = Release|Any CPU
		{BC5CE438-D648-43FE-88FC-6093317F4357}.Debug|Any CPU.ActiveCfg = Debug|Any CPU
		{BC5CE438-D648-43FE-88FC-6093317F4357}.Debug|Any CPU.Build.0 = Debug|Any CPU
		{BC5CE438-D648-43FE-88FC-6093317F4357}.Debug|ARM64.ActiveCfg = Debug|Any CPU
		{BC5CE438-D648-43FE-88FC-6093317F4357}.Debug|ARM64.Build.0 = Debug|Any CPU
		{BC5CE438-D648-43FE-88FC-6093317F4357}.Debug|x64.ActiveCfg = Debug|Any CPU
		{BC5CE438-D648-43FE-88FC-6093317F4357}.Debug|x64.Build.0 = Debug|Any CPU
		{BC5CE438-D648-43FE-88FC-6093317F4357}.Debug|x86.ActiveCfg = Debug|Any CPU
		{BC5CE438-D648-43FE-88FC-6093317F4357}.Debug|x86.Build.0 = Debug|Any CPU
		{BC5CE438-D648-43FE-88FC-6093317F4357}.Release|Any CPU.ActiveCfg = Release|Any CPU
		{BC5CE438-D648-43FE-88FC-6093317F4357}.Release|Any CPU.Build.0 = Release|Any CPU
		{BC5CE438-D648-43FE-88FC-6093317F4357}.Release|ARM64.ActiveCfg = Release|Any CPU
		{BC5CE438-D648-43FE-88FC-6093317F4357}.Release|ARM64.Build.0 = Release|Any CPU
		{BC5CE438-D648-43FE-88FC-6093317F4357}.Release|x64.ActiveCfg = Release|Any CPU
		{BC5CE438-D648-43FE-88FC-6093317F4357}.Release|x64.Build.0 = Release|Any CPU
		{BC5CE438-D648-43FE-88FC-6093317F4357}.Release|x86.ActiveCfg = Release|Any CPU
		{BC5CE438-D648-43FE-88FC-6093317F4357}.Release|x86.Build.0 = Release|Any CPU
		{66C82FFD-3B2F-4064-A4C8-EAF06DAC0362}.Debug|Any CPU.ActiveCfg = Debug|Any CPU
		{66C82FFD-3B2F-4064-A4C8-EAF06DAC0362}.Debug|Any CPU.Build.0 = Debug|Any CPU
		{66C82FFD-3B2F-4064-A4C8-EAF06DAC0362}.Debug|ARM64.ActiveCfg = Debug|Any CPU
		{66C82FFD-3B2F-4064-A4C8-EAF06DAC0362}.Debug|ARM64.Build.0 = Debug|Any CPU
		{66C82FFD-3B2F-4064-A4C8-EAF06DAC0362}.Debug|x64.ActiveCfg = Debug|Any CPU
		{66C82FFD-3B2F-4064-A4C8-EAF06DAC0362}.Debug|x64.Build.0 = Debug|Any CPU
		{66C82FFD-3B2F-4064-A4C8-EAF06DAC0362}.Debug|x86.ActiveCfg = Debug|Any CPU
		{66C82FFD-3B2F-4064-A4C8-EAF06DAC0362}.Debug|x86.Build.0 = Debug|Any CPU
		{66C82FFD-3B2F-4064-A4C8-EAF06DAC0362}.Release|Any CPU.ActiveCfg = Release|Any CPU
		{66C82FFD-3B2F-4064-A4C8-EAF06DAC0362}.Release|Any CPU.Build.0 = Release|Any CPU
		{66C82FFD-3B2F-4064-A4C8-EAF06DAC0362}.Release|ARM64.ActiveCfg = Release|Any CPU
		{66C82FFD-3B2F-4064-A4C8-EAF06DAC0362}.Release|ARM64.Build.0 = Release|Any CPU
		{66C82FFD-3B2F-4064-A4C8-EAF06DAC0362}.Release|x64.ActiveCfg = Release|Any CPU
		{66C82FFD-3B2F-4064-A4C8-EAF06DAC0362}.Release|x64.Build.0 = Release|Any CPU
		{66C82FFD-3B2F-4064-A4C8-EAF06DAC0362}.Release|x86.ActiveCfg = Release|Any CPU
		{66C82FFD-3B2F-4064-A4C8-EAF06DAC0362}.Release|x86.Build.0 = Release|Any CPU
		{34DF8372-E186-4BB0-A6DE-A73E69FF8366}.Debug|Any CPU.ActiveCfg = Debug|Any CPU
		{34DF8372-E186-4BB0-A6DE-A73E69FF8366}.Debug|Any CPU.Build.0 = Debug|Any CPU
		{34DF8372-E186-4BB0-A6DE-A73E69FF8366}.Debug|ARM64.ActiveCfg = Debug|Any CPU
		{34DF8372-E186-4BB0-A6DE-A73E69FF8366}.Debug|ARM64.Build.0 = Debug|Any CPU
		{34DF8372-E186-4BB0-A6DE-A73E69FF8366}.Debug|x64.ActiveCfg = Debug|Any CPU
		{34DF8372-E186-4BB0-A6DE-A73E69FF8366}.Debug|x64.Build.0 = Debug|Any CPU
		{34DF8372-E186-4BB0-A6DE-A73E69FF8366}.Debug|x86.ActiveCfg = Debug|Any CPU
		{34DF8372-E186-4BB0-A6DE-A73E69FF8366}.Debug|x86.Build.0 = Debug|Any CPU
		{34DF8372-E186-4BB0-A6DE-A73E69FF8366}.Release|Any CPU.ActiveCfg = Release|Any CPU
		{34DF8372-E186-4BB0-A6DE-A73E69FF8366}.Release|Any CPU.Build.0 = Release|Any CPU
		{34DF8372-E186-4BB0-A6DE-A73E69FF8366}.Release|ARM64.ActiveCfg = Release|Any CPU
		{34DF8372-E186-4BB0-A6DE-A73E69FF8366}.Release|ARM64.Build.0 = Release|Any CPU
		{34DF8372-E186-4BB0-A6DE-A73E69FF8366}.Release|x64.ActiveCfg = Release|Any CPU
		{34DF8372-E186-4BB0-A6DE-A73E69FF8366}.Release|x64.Build.0 = Release|Any CPU
		{34DF8372-E186-4BB0-A6DE-A73E69FF8366}.Release|x86.ActiveCfg = Release|Any CPU
		{34DF8372-E186-4BB0-A6DE-A73E69FF8366}.Release|x86.Build.0 = Release|Any CPU
		{22A085E4-81F0-4EB4-84AA-242E24D48231}.Debug|Any CPU.ActiveCfg = Debug|Any CPU
		{22A085E4-81F0-4EB4-84AA-242E24D48231}.Debug|Any CPU.Build.0 = Debug|Any CPU
		{22A085E4-81F0-4EB4-84AA-242E24D48231}.Debug|ARM64.ActiveCfg = Debug|Any CPU
		{22A085E4-81F0-4EB4-84AA-242E24D48231}.Debug|ARM64.Build.0 = Debug|Any CPU
		{22A085E4-81F0-4EB4-84AA-242E24D48231}.Debug|x64.ActiveCfg = Debug|Any CPU
		{22A085E4-81F0-4EB4-84AA-242E24D48231}.Debug|x64.Build.0 = Debug|Any CPU
		{22A085E4-81F0-4EB4-84AA-242E24D48231}.Debug|x86.ActiveCfg = Debug|Any CPU
		{22A085E4-81F0-4EB4-84AA-242E24D48231}.Debug|x86.Build.0 = Debug|Any CPU
		{22A085E4-81F0-4EB4-84AA-242E24D48231}.Release|Any CPU.ActiveCfg = Release|Any CPU
		{22A085E4-81F0-4EB4-84AA-242E24D48231}.Release|Any CPU.Build.0 = Release|Any CPU
		{22A085E4-81F0-4EB4-84AA-242E24D48231}.Release|ARM64.ActiveCfg = Release|Any CPU
		{22A085E4-81F0-4EB4-84AA-242E24D48231}.Release|ARM64.Build.0 = Release|Any CPU
		{22A085E4-81F0-4EB4-84AA-242E24D48231}.Release|x64.ActiveCfg = Release|Any CPU
		{22A085E4-81F0-4EB4-84AA-242E24D48231}.Release|x64.Build.0 = Release|Any CPU
		{22A085E4-81F0-4EB4-84AA-242E24D48231}.Release|x86.ActiveCfg = Release|Any CPU
		{22A085E4-81F0-4EB4-84AA-242E24D48231}.Release|x86.Build.0 = Release|Any CPU
		{CA0DAF6B-0006-4991-AE27-35E993138F50}.Debug|Any CPU.ActiveCfg = Debug|Any CPU
		{CA0DAF6B-0006-4991-AE27-35E993138F50}.Debug|Any CPU.Build.0 = Debug|Any CPU
		{CA0DAF6B-0006-4991-AE27-35E993138F50}.Debug|ARM64.ActiveCfg = Debug|Any CPU
		{CA0DAF6B-0006-4991-AE27-35E993138F50}.Debug|ARM64.Build.0 = Debug|Any CPU
		{CA0DAF6B-0006-4991-AE27-35E993138F50}.Debug|x64.ActiveCfg = Debug|Any CPU
		{CA0DAF6B-0006-4991-AE27-35E993138F50}.Debug|x64.Build.0 = Debug|Any CPU
		{CA0DAF6B-0006-4991-AE27-35E993138F50}.Debug|x86.ActiveCfg = Debug|Any CPU
		{CA0DAF6B-0006-4991-AE27-35E993138F50}.Debug|x86.Build.0 = Debug|Any CPU
		{CA0DAF6B-0006-4991-AE27-35E993138F50}.Release|Any CPU.ActiveCfg = Release|Any CPU
		{CA0DAF6B-0006-4991-AE27-35E993138F50}.Release|Any CPU.Build.0 = Release|Any CPU
		{CA0DAF6B-0006-4991-AE27-35E993138F50}.Release|ARM64.ActiveCfg = Release|Any CPU
		{CA0DAF6B-0006-4991-AE27-35E993138F50}.Release|ARM64.Build.0 = Release|Any CPU
		{CA0DAF6B-0006-4991-AE27-35E993138F50}.Release|x64.ActiveCfg = Release|Any CPU
		{CA0DAF6B-0006-4991-AE27-35E993138F50}.Release|x64.Build.0 = Release|Any CPU
		{CA0DAF6B-0006-4991-AE27-35E993138F50}.Release|x86.ActiveCfg = Release|Any CPU
		{CA0DAF6B-0006-4991-AE27-35E993138F50}.Release|x86.Build.0 = Release|Any CPU
		{DF56960C-8C86-46E9-9626-6FA98AD10C92}.Debug|Any CPU.ActiveCfg = Debug|Any CPU
		{DF56960C-8C86-46E9-9626-6FA98AD10C92}.Debug|Any CPU.Build.0 = Debug|Any CPU
		{DF56960C-8C86-46E9-9626-6FA98AD10C92}.Debug|ARM64.ActiveCfg = Debug|Any CPU
		{DF56960C-8C86-46E9-9626-6FA98AD10C92}.Debug|ARM64.Build.0 = Debug|Any CPU
		{DF56960C-8C86-46E9-9626-6FA98AD10C92}.Debug|x64.ActiveCfg = Debug|Any CPU
		{DF56960C-8C86-46E9-9626-6FA98AD10C92}.Debug|x64.Build.0 = Debug|Any CPU
		{DF56960C-8C86-46E9-9626-6FA98AD10C92}.Debug|x86.ActiveCfg = Debug|Any CPU
		{DF56960C-8C86-46E9-9626-6FA98AD10C92}.Debug|x86.Build.0 = Debug|Any CPU
		{DF56960C-8C86-46E9-9626-6FA98AD10C92}.Release|Any CPU.ActiveCfg = Release|Any CPU
		{DF56960C-8C86-46E9-9626-6FA98AD10C92}.Release|Any CPU.Build.0 = Release|Any CPU
		{DF56960C-8C86-46E9-9626-6FA98AD10C92}.Release|ARM64.ActiveCfg = Release|Any CPU
		{DF56960C-8C86-46E9-9626-6FA98AD10C92}.Release|ARM64.Build.0 = Release|Any CPU
		{DF56960C-8C86-46E9-9626-6FA98AD10C92}.Release|x64.ActiveCfg = Release|Any CPU
		{DF56960C-8C86-46E9-9626-6FA98AD10C92}.Release|x64.Build.0 = Release|Any CPU
		{DF56960C-8C86-46E9-9626-6FA98AD10C92}.Release|x86.ActiveCfg = Release|Any CPU
		{DF56960C-8C86-46E9-9626-6FA98AD10C92}.Release|x86.Build.0 = Release|Any CPU
		{49372464-8857-41D2-ADB4-395DCAC448D7}.Debug|Any CPU.ActiveCfg = Debug|x64
		{49372464-8857-41D2-ADB4-395DCAC448D7}.Debug|Any CPU.Build.0 = Debug|x64
		{49372464-8857-41D2-ADB4-395DCAC448D7}.Debug|ARM64.ActiveCfg = Debug|ARM64
		{49372464-8857-41D2-ADB4-395DCAC448D7}.Debug|ARM64.Build.0 = Debug|ARM64
		{49372464-8857-41D2-ADB4-395DCAC448D7}.Debug|x64.ActiveCfg = Debug|x64
		{49372464-8857-41D2-ADB4-395DCAC448D7}.Debug|x64.Build.0 = Debug|x64
		{49372464-8857-41D2-ADB4-395DCAC448D7}.Debug|x86.ActiveCfg = Debug|x86
		{49372464-8857-41D2-ADB4-395DCAC448D7}.Debug|x86.Build.0 = Debug|x86
		{49372464-8857-41D2-ADB4-395DCAC448D7}.Release|Any CPU.ActiveCfg = Release|x64
		{49372464-8857-41D2-ADB4-395DCAC448D7}.Release|ARM64.ActiveCfg = Release|ARM64
		{49372464-8857-41D2-ADB4-395DCAC448D7}.Release|ARM64.Build.0 = Release|ARM64
		{49372464-8857-41D2-ADB4-395DCAC448D7}.Release|x64.ActiveCfg = Release|x64
		{49372464-8857-41D2-ADB4-395DCAC448D7}.Release|x64.Build.0 = Release|x64
		{49372464-8857-41D2-ADB4-395DCAC448D7}.Release|x86.ActiveCfg = Release|x86
		{49372464-8857-41D2-ADB4-395DCAC448D7}.Release|x86.Build.0 = Release|x86
		{B8AABB30-46E4-4E02-97F1-2EAACF14111C}.Debug|Any CPU.ActiveCfg = Debug|Any CPU
		{B8AABB30-46E4-4E02-97F1-2EAACF14111C}.Debug|Any CPU.Build.0 = Debug|Any CPU
		{B8AABB30-46E4-4E02-97F1-2EAACF14111C}.Debug|ARM64.ActiveCfg = Debug|Any CPU
		{B8AABB30-46E4-4E02-97F1-2EAACF14111C}.Debug|ARM64.Build.0 = Debug|Any CPU
		{B8AABB30-46E4-4E02-97F1-2EAACF14111C}.Debug|x64.ActiveCfg = Debug|Any CPU
		{B8AABB30-46E4-4E02-97F1-2EAACF14111C}.Debug|x64.Build.0 = Debug|Any CPU
		{B8AABB30-46E4-4E02-97F1-2EAACF14111C}.Debug|x86.ActiveCfg = Debug|Any CPU
		{B8AABB30-46E4-4E02-97F1-2EAACF14111C}.Debug|x86.Build.0 = Debug|Any CPU
		{B8AABB30-46E4-4E02-97F1-2EAACF14111C}.Release|Any CPU.ActiveCfg = Release|Any CPU
		{B8AABB30-46E4-4E02-97F1-2EAACF14111C}.Release|Any CPU.Build.0 = Release|Any CPU
		{B8AABB30-46E4-4E02-97F1-2EAACF14111C}.Release|ARM64.ActiveCfg = Release|Any CPU
		{B8AABB30-46E4-4E02-97F1-2EAACF14111C}.Release|ARM64.Build.0 = Release|Any CPU
		{B8AABB30-46E4-4E02-97F1-2EAACF14111C}.Release|x64.ActiveCfg = Release|Any CPU
		{B8AABB30-46E4-4E02-97F1-2EAACF14111C}.Release|x64.Build.0 = Release|Any CPU
		{B8AABB30-46E4-4E02-97F1-2EAACF14111C}.Release|x86.ActiveCfg = Release|Any CPU
		{B8AABB30-46E4-4E02-97F1-2EAACF14111C}.Release|x86.Build.0 = Release|Any CPU
		{53431733-E606-44B6-969B-89C31958E411}.Debug|Any CPU.ActiveCfg = Debug|Any CPU
		{53431733-E606-44B6-969B-89C31958E411}.Debug|Any CPU.Build.0 = Debug|Any CPU
		{53431733-E606-44B6-969B-89C31958E411}.Debug|ARM64.ActiveCfg = Debug|Any CPU
		{53431733-E606-44B6-969B-89C31958E411}.Debug|ARM64.Build.0 = Debug|Any CPU
		{53431733-E606-44B6-969B-89C31958E411}.Debug|x64.ActiveCfg = Debug|Any CPU
		{53431733-E606-44B6-969B-89C31958E411}.Debug|x64.Build.0 = Debug|Any CPU
		{53431733-E606-44B6-969B-89C31958E411}.Debug|x86.ActiveCfg = Debug|Any CPU
		{53431733-E606-44B6-969B-89C31958E411}.Debug|x86.Build.0 = Debug|Any CPU
		{53431733-E606-44B6-969B-89C31958E411}.Release|Any CPU.ActiveCfg = Release|Any CPU
		{53431733-E606-44B6-969B-89C31958E411}.Release|Any CPU.Build.0 = Release|Any CPU
		{53431733-E606-44B6-969B-89C31958E411}.Release|ARM64.ActiveCfg = Release|Any CPU
		{53431733-E606-44B6-969B-89C31958E411}.Release|ARM64.Build.0 = Release|Any CPU
		{53431733-E606-44B6-969B-89C31958E411}.Release|x64.ActiveCfg = Release|Any CPU
		{53431733-E606-44B6-969B-89C31958E411}.Release|x64.Build.0 = Release|Any CPU
		{53431733-E606-44B6-969B-89C31958E411}.Release|x86.ActiveCfg = Release|Any CPU
		{53431733-E606-44B6-969B-89C31958E411}.Release|x86.Build.0 = Release|Any CPU
	EndGlobalSection
	GlobalSection(SolutionProperties) = preSolution
		HideSolutionNode = FALSE
	EndGlobalSection
	GlobalSection(ExtensibilityGlobals) = postSolution
		SolutionGuid = {0AFE896C-6AC5-47CC-8697-71B21C81756F}
	EndGlobalSection
EndGlobal
